
Microsoft Visual Studio Solution File, Format Version 12.00
# Visual Studio Version 17
VisualStudioVersion = 17.3.32929.385
MinimumVisualStudioVersion = 10.0.40219.1
Project("{FAE04EC0-301F-11D3-BF4B-00C04F79EFBC}") = "BERKAYDENIZPersonelTakipOtomasyonu", "BERKAYDENIZPersonelTakipOtomasyonu\BERKAYDENIZPersonelTakipOtomasyonu.csproj", "{6FA86809-6530-4D1B-BDED-80C1780641D8}"
EndProject
Global
	GlobalSection(SolutionConfigurationPlatforms) = preSolution
		Debug|Any CPU = Debug|Any CPU
		Release|Any CPU = Release|Any CPU
	EndGlobalSection
	GlobalSection(ProjectConfigurationPlatforms) = postSolution
		{6FA86809-6530-4D1B-BDED-80C1780641D8}.Debug|Any CPU.ActiveCfg = Debug|Any CPU
		{6FA86809-6530-4D1B-BDED-80C1780641D8}.Debug|Any CPU.Build.0 = Debug|Any CPU
		{6FA86809-6530-4D1B-BDED-80C1780641D8}.Release|Any CPU.ActiveCfg = Release|Any CPU
		{6FA86809-6530-4D1B-BDED-80C1780641D8}.Release|Any CPU.Build.0 = Release|Any CPU
	EndGlobalSection
	GlobalSection(SolutionProperties) = preSolution
		HideSolutionNode = FALSE
	EndGlobalSection
	GlobalSection(ExtensibilityGlobals) = postSolution
		SolutionGuid = {4385D4D2-D049-4369-92B5-75B30171E8DB}
	EndGlobalSection
EndGlobal
